# THIS IS AN AUTOGENERATED FILE. DO NOT EDIT THIS FILE DIRECTLY.
# yarn lockfile v1


"@vant/weapp@^1.3.3":
  version "1.3.3"
  resolved "https://registry.yarnpkg.com/@vant/weapp/-/weapp-1.3.3.tgz#e69850418f99d2bfff768b4c8c8712271eed7b75"
  integrity sha512-XZFRsam3QSnkbBRqdcldi1+VZtAtHbj92S7AF9dG/YpEN0FFEm+vDb881+xXkHFfzLPx509TriKWU6ktlNZSmw==
